
Microsoft Visual Studio Solution File, Format Version 12.00
# Visual Studio 15
VisualStudioVersion = 15.0.28307.168
MinimumVisualStudioVersion = 10.0.40219.1
Project("{8BC9CEB8-8B4A-11D0-8D11-00A0C91BC942}") = "GetWxInfo", "GetWxInfo\GetWxInfo.vcxproj", "{7F539BB5-3E2D-4901-B84F-0317D0D4F87B}"
EndProject
Project("{8BC9CEB8-8B4A-11D0-8D11-00A0C91BC942}") = "GodtoyWeChatHookHelper", "GodtoyWeChatHookHelper\GodtoyWeChatHookHelper.vcxproj", "{F93599CD-B2B7-4990-9AEE-3458E465F35F}"
EndProject
Project("{8BC9CEB8-8B4A-11D0-8D11-00A0C91BC942}") = "TeachDemo", "TeachDemo\TeachDemo.vcxproj", "{D4891C0E-B611-431C-8C5B-A04C422F8EB4}"
EndProject
Project("{FAE04EC0-301F-11D3-BF4B-00C04F79EFBC}") = "InjectByCSharp", "InjectByCSharp\InjectByCSharp.csproj", "{AD623187-CC70-4C52-906A-84E83C90AB61}"
EndProject
Project("{8BC9CEB8-8B4A-11D0-8D11-00A0C91BC942}") = "RecvMessage", "RecvMessage\RecvMessage.vcxproj", "{45CA6BED-2065-4769-A2DC-2647E81148F6}"
EndProject
Project("{8BC9CEB8-8B4A-11D0-8D11-00A0C91BC942}") = "HookQrCode", "HookQrCode\HookQrCode.vcxproj", "{BBABAE89-2243-468A-8CA2-677ACF1D2C83}"
EndProject
Project("{8BC9CEB8-8B4A-11D0-8D11-00A0C91BC942}") = "sioclient", "D:\workspace\cpp-libs\demo3\sioclient.vcxproj", "{F5A40D55-728F-3109-8F42-07632887A18E}"
EndProject
Project("{8BC9CEB8-8B4A-11D0-8D11-00A0C91BC942}") = "LibStruct2Json", "LibStruct2Json\LibStruct2Json.vcxproj", "{80572112-5FB2-476C-B453-01D86726F49B}"
EndProject
Global
	GlobalSection(SolutionConfigurationPlatforms) = preSolution
		Debug|Any CPU = Debug|Any CPU
		Debug|x64 = Debug|x64
		Debug|x86 = Debug|x86
		MinSizeRel|Any CPU = MinSizeRel|Any CPU
		MinSizeRel|x64 = MinSizeRel|x64
		MinSizeRel|x86 = MinSizeRel|x86
		Release|Any CPU = Release|Any CPU
		Release|x64 = Release|x64
		Release|x86 = Release|x86
		RelWithDebInfo|Any CPU = RelWithDebInfo|Any CPU
		RelWithDebInfo|x64 = RelWithDebInfo|x64
		RelWithDebInfo|x86 = RelWithDebInfo|x86
	EndGlobalSection
	GlobalSection(ProjectConfigurationPlatforms) = postSolution
		{7F539BB5-3E2D-4901-B84F-0317D0D4F87B}.Debug|Any CPU.ActiveCfg = Debug|Win32
		{7F539BB5-3E2D-4901-B84F-0317D0D4F87B}.Debug|x64.ActiveCfg = Debug|x64
		{7F539BB5-3E2D-4901-B84F-0317D0D4F87B}.Debug|x64.Build.0 = Debug|x64
		{7F539BB5-3E2D-4901-B84F-0317D0D4F87B}.Debug|x86.ActiveCfg = Debug|Win32
		{7F539BB5-3E2D-4901-B84F-0317D0D4F87B}.Debug|x86.Build.0 = Debug|Win32
		{7F539BB5-3E2D-4901-B84F-0317D0D4F87B}.MinSizeRel|Any CPU.ActiveCfg = Release|x64
		{7F539BB5-3E2D-4901-B84F-0317D0D4F87B}.MinSizeRel|Any CPU.Build.0 = Release|x64
		{7F539BB5-3E2D-4901-B84F-0317D0D4F87B}.MinSizeRel|x64.ActiveCfg = Release|x64
		{7F539BB5-3E2D-4901-B84F-0317D0D4F87B}.MinSizeRel|x64.Build.0 = Release|x64
		{7F539BB5-3E2D-4901-B84F-0317D0D4F87B}.MinSizeRel|x86.ActiveCfg = Release|Win32
		{7F539BB5-3E2D-4901-B84F-0317D0D4F87B}.MinSizeRel|x86.Build.0 = Release|Win32
		{7F539BB5-3E2D-4901-B84F-0317D0D4F87B}.Release|Any CPU.ActiveCfg = Release|Win32
		{7F539BB5-3E2D-4901-B84F-0317D0D4F87B}.Release|x64.ActiveCfg = Release|x64
		{7F539BB5-3E2D-4901-B84F-0317D0D4F87B}.Release|x64.Build.0 = Release|x64
		{7F539BB5-3E2D-4901-B84F-0317D0D4F87B}.Release|x86.ActiveCfg = Release|Win32
		{7F539BB5-3E2D-4901-B84F-0317D0D4F87B}.Release|x86.Build.0 = Release|Win32
		{7F539BB5-3E2D-4901-B84F-0317D0D4F87B}.RelWithDebInfo|Any CPU.ActiveCfg = Release|x64
		{7F539BB5-3E2D-4901-B84F-0317D0D4F87B}.RelWithDebInfo|Any CPU.Build.0 = Release|x64
		{7F539BB5-3E2D-4901-B84F-0317D0D4F87B}.RelWithDebInfo|x64.ActiveCfg = Release|x64
		{7F539BB5-3E2D-4901-B84F-0317D0D4F87B}.RelWithDebInfo|x64.Build.0 = Release|x64
		{7F539BB5-3E2D-4901-B84F-0317D0D4F87B}.RelWithDebInfo|x86.ActiveCfg = Release|Win32
		{7F539BB5-3E2D-4901-B84F-0317D0D4F87B}.RelWithDebInfo|x86.Build.0 = Release|Win32
		{F93599CD-B2B7-4990-9AEE-3458E465F35F}.Debug|Any CPU.ActiveCfg = Debug|Win32
		{F93599CD-B2B7-4990-9AEE-3458E465F35F}.Debug|x64.ActiveCfg = Debug|x64
		{F93599CD-B2B7-4990-9AEE-3458E465F35F}.Debug|x64.Build.0 = Debug|x64
		{F93599CD-B2B7-4990-9AEE-3458E465F35F}.Debug|x86.ActiveCfg = Debug|Win32
		{F93599CD-B2B7-4990-9AEE-3458E465F35F}.Debug|x86.Build.0 = Debug|Win32
		{F93599CD-B2B7-4990-9AEE-3458E465F35F}.MinSizeRel|Any CPU.ActiveCfg = Release|x64
		{F93599CD-B2B7-4990-9AEE-3458E465F35F}.MinSizeRel|Any CPU.Build.0 = Release|x64
		{F93599CD-B2B7-4990-9AEE-3458E465F35F}.MinSizeRel|x64.ActiveCfg = Release|x64
		{F93599CD-B2B7-4990-9AEE-3458E465F35F}.MinSizeRel|x64.Build.0 = Release|x64
		{F93599CD-B2B7-4990-9AEE-3458E465F35F}.MinSizeRel|x86.ActiveCfg = Release|Win32
		{F93599CD-B2B7-4990-9AEE-3458E465F35F}.MinSizeRel|x86.Build.0 = Release|Win32
		{F93599CD-B2B7-4990-9AEE-3458E465F35F}.Release|Any CPU.ActiveCfg = Release|Win32
		{F93599CD-B2B7-4990-9AEE-3458E465F35F}.Release|x64.ActiveCfg = Release|x64
		{F93599CD-B2B7-4990-9AEE-3458E465F35F}.Release|x64.Build.0 = Release|x64
		{F93599CD-B2B7-4990-9AEE-3458E465F35F}.Release|x86.ActiveCfg = Release|Win32
		{F93599CD-B2B7-4990-9AEE-3458E465F35F}.Release|x86.Build.0 = Release|Win32
		{F93599CD-B2B7-4990-9AEE-3458E465F35F}.RelWithDebInfo|Any CPU.ActiveCfg = Release|x64
		{F93599CD-B2B7-4990-9AEE-3458E465F35F}.RelWithDebInfo|Any CPU.Build.0 = Release|x64
		{F93599CD-B2B7-4990-9AEE-3458E465F35F}.RelWithDebInfo|x64.ActiveCfg = Release|x64
		{F93599CD-B2B7-4990-9AEE-3458E465F35F}.RelWithDebInfo|x64.Build.0 = Release|x64
		{F93599CD-B2B7-4990-9AEE-3458E465F35F}.RelWithDebInfo|x86.ActiveCfg = Release|Win32
		{F93599CD-B2B7-4990-9AEE-3458E465F35F}.RelWithDebInfo|x86.Build.0 = Release|Win32
		{D4891C0E-B611-431C-8C5B-A04C422F8EB4}.Debug|Any CPU.ActiveCfg = Debug|Win32
		{D4891C0E-B611-431C-8C5B-A04C422F8EB4}.Debug|x64.ActiveCfg = Debug|x64
		{D4891C0E-B611-431C-8C5B-A04C422F8EB4}.Debug|x64.Build.0 = Debug|x64
		{D4891C0E-B611-431C-8C5B-A04C422F8EB4}.Debug|x86.ActiveCfg = Debug|Win32
		{D4891C0E-B611-431C-8C5B-A04C422F8EB4}.Debug|x86.Build.0 = Debug|Win32
		{D4891C0E-B611-431C-8C5B-A04C422F8EB4}.MinSizeRel|Any CPU.ActiveCfg = Release|x64
		{D4891C0E-B611-431C-8C5B-A04C422F8EB4}.MinSizeRel|Any CPU.Build.0 = Release|x64
		{D4891C0E-B611-431C-8C5B-A04C422F8EB4}.MinSizeRel|x64.ActiveCfg = Release|x64
		{D4891C0E-B611-431C-8C5B-A04C422F8EB4}.MinSizeRel|x64.Build.0 = Release|x64
		{D4891C0E-B611-431C-8C5B-A04C422F8EB4}.MinSizeRel|x86.ActiveCfg = Release|Win32
		{D4891C0E-B611-431C-8C5B-A04C422F8EB4}.MinSizeRel|x86.Build.0 = Release|Win32
		{D4891C0E-B611-431C-8C5B-A04C422F8EB4}.Release|Any CPU.ActiveCfg = Release|Win32
		{D4891C0E-B611-431C-8C5B-A04C422F8EB4}.Release|x64.ActiveCfg = Release|x64
		{D4891C0E-B611-431C-8C5B-A04C422F8EB4}.Release|x64.Build.0 = Release|x64
		{D4891C0E-B611-431C-8C5B-A04C422F8EB4}.Release|x86.ActiveCfg = Release|Win32
		{D4891C0E-B611-431C-8C5B-A04C422F8EB4}.Release|x86.Build.0 = Release|Win32
		{D4891C0E-B611-431C-8C5B-A04C422F8EB4}.RelWithDebInfo|Any CPU.ActiveCfg = Release|x64
		{D4891C0E-B611-431C-8C5B-A04C422F8EB4}.RelWithDebInfo|Any CPU.Build.0 = Release|x64
		{D4891C0E-B611-431C-8C5B-A04C422F8EB4}.RelWithDebInfo|x64.ActiveCfg = Release|x64
		{D4891C0E-B611-431C-8C5B-A04C422F8EB4}.RelWithDebInfo|x64.Build.0 = Release|x64
		{D4891C0E-B611-431C-8C5B-A04C422F8EB4}.RelWithDebInfo|x86.ActiveCfg = Release|Win32
		{D4891C0E-B611-431C-8C5B-A04C422F8EB4}.RelWithDebInfo|x86.Build.0 = Release|Win32
		{AD623187-CC70-4C52-906A-84E83C90AB61}.Debug|Any CPU.ActiveCfg = Debug|Any CPU
		{AD623187-CC70-4C52-906A-84E83C90AB61}.Debug|Any CPU.Build.0 = Debug|Any CPU
		{AD623187-CC70-4C52-906A-84E83C90AB61}.Debug|x64.ActiveCfg = Debug|Any CPU
		{AD623187-CC70-4C52-906A-84E83C90AB61}.Debug|x64.Build.0 = Debug|Any CPU
		{AD623187-CC70-4C52-906A-84E83C90AB61}.Debug|x86.ActiveCfg = Debug|Any CPU
		{AD623187-CC70-4C52-906A-84E83C90AB61}.Debug|x86.Build.0 = Debug|Any CPU
		{AD623187-CC70-4C52-906A-84E83C90AB61}.MinSizeRel|Any CPU.ActiveCfg = Release|Any CPU
		{AD623187-CC70-4C52-906A-84E83C90AB61}.MinSizeRel|Any CPU.Build.0 = Release|Any CPU
		{AD623187-CC70-4C52-906A-84E83C90AB61}.MinSizeRel|x64.ActiveCfg = Release|Any CPU
		{AD623187-CC70-4C52-906A-84E83C90AB61}.MinSizeRel|x64.Build.0 = Release|Any CPU
		{AD623187-CC70-4C52-906A-84E83C90AB61}.MinSizeRel|x86.ActiveCfg = Release|Any CPU
		{AD623187-CC70-4C52-906A-84E83C90AB61}.MinSizeRel|x86.Build.0 = Release|Any CPU
		{AD623187-CC70-4C52-906A-84E83C90AB61}.Release|Any CPU.ActiveCfg = Release|Any CPU
		{AD623187-CC70-4C52-906A-84E83C90AB61}.Release|Any CPU.Build.0 = Release|Any CPU
		{AD623187-CC70-4C52-906A-84E83C90AB61}.Release|x64.ActiveCfg = Release|Any CPU
		{AD623187-CC70-4C52-906A-84E83C90AB61}.Release|x64.Build.0 = Release|Any CPU
		{AD623187-CC70-4C52-906A-84E83C90AB61}.Release|x86.ActiveCfg = Release|Any CPU
		{AD623187-CC70-4C52-906A-84E83C90AB61}.Release|x86.Build.0 = Release|Any CPU
		{AD623187-CC70-4C52-906A-84E83C90AB61}.RelWithDebInfo|Any CPU.ActiveCfg = Release|Any CPU
		{AD623187-CC70-4C52-906A-84E83C90AB61}.RelWithDebInfo|Any CPU.Build.0 = Release|Any CPU
		{AD623187-CC70-4C52-906A-84E83C90AB61}.RelWithDebInfo|x64.ActiveCfg = Release|Any CPU
		{AD623187-CC70-4C52-906A-84E83C90AB61}.RelWithDebInfo|x64.Build.0 = Release|Any CPU
		{AD623187-CC70-4C52-906A-84E83C90AB61}.RelWithDebInfo|x86.ActiveCfg = Release|Any CPU
		{AD623187-CC70-4C52-906A-84E83C90AB61}.RelWithDebInfo|x86.Build.0 = Release|Any CPU
		{45CA6BED-2065-4769-A2DC-2647E81148F6}.Debug|Any CPU.ActiveCfg = Debug|Win32
		{45CA6BED-2065-4769-A2DC-2647E81148F6}.Debug|x64.ActiveCfg = Debug|x64
		{45CA6BED-2065-4769-A2DC-2647E81148F6}.Debug|x64.Build.0 = Debug|x64
		{45CA6BED-2065-4769-A2DC-2647E81148F6}.Debug|x86.ActiveCfg = Debug|Win32
		{45CA6BED-2065-4769-A2DC-2647E81148F6}.Debug|x86.Build.0 = Debug|Win32
		{45CA6BED-2065-4769-A2DC-2647E81148F6}.MinSizeRel|Any CPU.ActiveCfg = Release|x64
		{45CA6BED-2065-4769-A2DC-2647E81148F6}.MinSizeRel|Any CPU.Build.0 = Release|x64
		{45CA6BED-2065-4769-A2DC-2647E81148F6}.MinSizeRel|x64.ActiveCfg = Release|x64
		{45CA6BED-2065-4769-A2DC-2647E81148F6}.MinSizeRel|x64.Build.0 = Release|x64
		{45CA6BED-2065-4769-A2DC-2647E81148F6}.MinSizeRel|x86.ActiveCfg = Release|Win32
		{45CA6BED-2065-4769-A2DC-2647E81148F6}.MinSizeRel|x86.Build.0 = Release|Win32
		{45CA6BED-2065-4769-A2DC-2647E81148F6}.Release|Any CPU.ActiveCfg = Release|Win32
		{45CA6BED-2065-4769-A2DC-2647E81148F6}.Release|x64.ActiveCfg = Release|x64
		{45CA6BED-2065-4769-A2DC-2647E81148F6}.Release|x64.Build.0 = Release|x64
		{45CA6BED-2065-4769-A2DC-2647E81148F6}.Release|x86.ActiveCfg = Release|Win32
		{45CA6BED-2065-4769-A2DC-2647E81148F6}.Release|x86.Build.0 = Release|Win32
		{45CA6BED-2065-4769-A2DC-2647E81148F6}.RelWithDebInfo|Any CPU.ActiveCfg = Release|x64
		{45CA6BED-2065-4769-A2DC-2647E81148F6}.RelWithDebInfo|Any CPU.Build.0 = Release|x64
		{45CA6BED-2065-4769-A2DC-2647E81148F6}.RelWithDebInfo|x64.ActiveCfg = Release|x64
		{45CA6BED-2065-4769-A2DC-2647E81148F6}.RelWithDebInfo|x64.Build.0 = Release|x64
		{45CA6BED-2065-4769-A2DC-2647E81148F6}.RelWithDebInfo|x86.ActiveCfg = Release|Win32
		{45CA6BED-2065-4769-A2DC-2647E81148F6}.RelWithDebInfo|x86.Build.0 = Release|Win32
		{BBABAE89-2243-468A-8CA2-677ACF1D2C83}.Debug|Any CPU.ActiveCfg = Debug|Win32
		{BBABAE89-2243-468A-8CA2-677ACF1D2C83}.Debug|x64.ActiveCfg = Debug|x64
		{BBABAE89-2243-468A-8CA2-677ACF1D2C83}.Debug|x64.Build.0 = Debug|x64
		{BBABAE89-2243-468A-8CA2-677ACF1D2C83}.Debug|x86.ActiveCfg = Debug|Win32
		{BBABAE89-2243-468A-8CA2-677ACF1D2C83}.Debug|x86.Build.0 = Debug|Win32
		{BBABAE89-2243-468A-8CA2-677ACF1D2C83}.MinSizeRel|Any CPU.ActiveCfg = Release|x64
		{BBABAE89-2243-468A-8CA2-677ACF1D2C83}.MinSizeRel|Any CPU.Build.0 = Release|x64
		{BBABAE89-2243-468A-8CA2-677ACF1D2C83}.MinSizeRel|x64.ActiveCfg = Release|x64
		{BBABAE89-2243-468A-8CA2-677ACF1D2C83}.MinSizeRel|x64.Build.0 = Release|x64
		{BBABAE89-2243-468A-8CA2-677ACF1D2C83}.MinSizeRel|x86.ActiveCfg = Release|Win32
		{BBABAE89-2243-468A-8CA2-677ACF1D2C83}.MinSizeRel|x86.Build.0 = Release|Win32
		{BBABAE89-2243-468A-8CA2-677ACF1D2C83}.Release|Any CPU.ActiveCfg = Release|Win32
		{BBABAE89-2243-468A-8CA2-677ACF1D2C83}.Release|x64.ActiveCfg = Release|x64
		{BBABAE89-2243-468A-8CA2-677ACF1D2C83}.Release|x64.Build.0 = Release|x64
		{BBABAE89-2243-468A-8CA2-677ACF1D2C83}.Release|x86.ActiveCfg = Release|Win32
		{BBABAE89-2243-468A-8CA2-677ACF1D2C83}.Release|x86.Build.0 = Release|Win32
		{BBABAE89-2243-468A-8CA2-677ACF1D2C83}.RelWithDebInfo|Any CPU.ActiveCfg = Release|x64
		{BBABAE89-2243-468A-8CA2-677ACF1D2C83}.RelWithDebInfo|Any CPU.Build.0 = Release|x64
		{BBABAE89-2243-468A-8CA2-677ACF1D2C83}.RelWithDebInfo|x64.ActiveCfg = Release|x64
		{BBABAE89-2243-468A-8CA2-677ACF1D2C83}.RelWithDebInfo|x64.Build.0 = Release|x64
		{BBABAE89-2243-468A-8CA2-677ACF1D2C83}.RelWithDebInfo|x86.ActiveCfg = Release|Win32
		{BBABAE89-2243-468A-8CA2-677ACF1D2C83}.RelWithDebInfo|x86.Build.0 = Release|Win32
		{F5A40D55-728F-3109-8F42-07632887A18E}.Debug|Any CPU.ActiveCfg = Debug|Win32
		{F5A40D55-728F-3109-8F42-07632887A18E}.Debug|x64.ActiveCfg = Debug|Win32
		{F5A40D55-728F-3109-8F42-07632887A18E}.Debug|x86.ActiveCfg = Debug|Win32
		{F5A40D55-728F-3109-8F42-07632887A18E}.Debug|x86.Build.0 = Debug|Win32
		{F5A40D55-728F-3109-8F42-07632887A18E}.MinSizeRel|Any CPU.ActiveCfg = MinSizeRel|Win32
		{F5A40D55-728F-3109-8F42-07632887A18E}.MinSizeRel|x64.ActiveCfg = MinSizeRel|Win32
		{F5A40D55-728F-3109-8F42-07632887A18E}.MinSizeRel|x86.ActiveCfg = MinSizeRel|Win32
		{F5A40D55-728F-3109-8F42-07632887A18E}.MinSizeRel|x86.Build.0 = MinSizeRel|Win32
		{F5A40D55-728F-3109-8F42-07632887A18E}.Release|Any CPU.ActiveCfg = Release|Win32
		{F5A40D55-728F-3109-8F42-07632887A18E}.Release|x64.ActiveCfg = Release|Win32
		{F5A40D55-728F-3109-8F42-07632887A18E}.Release|x86.ActiveCfg = Release|Win32
		{F5A40D55-728F-3109-8F42-07632887A18E}.Release|x86.Build.0 = Release|Win32
		{F5A40D55-728F-3109-8F42-07632887A18E}.RelWithDebInfo|Any CPU.ActiveCfg = RelWithDebInfo|Win32
		{F5A40D55-728F-3109-8F42-07632887A18E}.RelWithDebInfo|x64.ActiveCfg = RelWithDebInfo|Win32
		{F5A40D55-728F-3109-8F42-07632887A18E}.RelWithDebInfo|x86.ActiveCfg = RelWithDebInfo|Win32
		{F5A40D55-728F-3109-8F42-07632887A18E}.RelWithDebInfo|x86.Build.0 = RelWithDebInfo|Win32
		{80572112-5FB2-476C-B453-01D86726F49B}.Debug|Any CPU.ActiveCfg = Debug|Win32
		{80572112-5FB2-476C-B453-01D86726F49B}.Debug|x64.ActiveCfg = Debug|x64
		{80572112-5FB2-476C-B453-01D86726F49B}.Debug|x64.Build.0 = Debug|x64
		{80572112-5FB2-476C-B453-01D86726F49B}.Debug|x86.ActiveCfg = Debug|Win32
		{80572112-5FB2-476C-B453-01D86726F49B}.Debug|x86.Build.0 = Debug|Win32
		{80572112-5FB2-476C-B453-01D86726F49B}.MinSizeRel|Any CPU.ActiveCfg = Release|x64
		{80572112-5FB2-476C-B453-01D86726F49B}.MinSizeRel|Any CPU.Build.0 = Release|x64
		{80572112-5FB2-476C-B453-01D86726F49B}.MinSizeRel|x64.ActiveCfg = Release|x64
		{80572112-5FB2-476C-B453-01D86726F49B}.MinSizeRel|x64.Build.0 = Release|x64
		{80572112-5FB2-476C-B453-01D86726F49B}.MinSizeRel|x86.ActiveCfg = Release|Win32
		{80572112-5FB2-476C-B453-01D86726F49B}.MinSizeRel|x86.Build.0 = Release|Win32
		{80572112-5FB2-476C-B453-01D86726F49B}.Release|Any CPU.ActiveCfg = Release|Win32
		{80572112-5FB2-476C-B453-01D86726F49B}.Release|x64.ActiveCfg = Release|x64
		{80572112-5FB2-476C-B453-01D86726F49B}.Release|x64.Build.0 = Release|x64
		{80572112-5FB2-476C-B453-01D86726F49B}.Release|x86.ActiveCfg = Release|Win32
		{80572112-5FB2-476C-B453-01D86726F49B}.Release|x86.Build.0 = Release|Win32
		{80572112-5FB2-476C-B453-01D86726F49B}.RelWithDebInfo|Any CPU.ActiveCfg = Release|x64
		{80572112-5FB2-476C-B453-01D86726F49B}.RelWithDebInfo|Any CPU.Build.0 = Release|x64
		{80572112-5FB2-476C-B453-01D86726F49B}.RelWithDebInfo|x64.ActiveCfg = Release|x64
		{80572112-5FB2-476C-B453-01D86726F49B}.RelWithDebInfo|x64.Build.0 = Release|x64
		{80572112-5FB2-476C-B453-01D86726F49B}.RelWithDebInfo|x86.ActiveCfg = Release|Win32
		{80572112-5FB2-476C-B453-01D86726F49B}.RelWithDebInfo|x86.Build.0 = Release|Win32
	EndGlobalSection
	GlobalSection(SolutionProperties) = preSolution
		HideSolutionNode = FALSE
	EndGlobalSection
	GlobalSection(ExtensibilityGlobals) = postSolution
		SolutionGuid = {6CBC6996-A646-4288-A810-A484F085E3DC}
	EndGlobalSection
EndGlobal
